
Microsoft Visual Studio Solution File, Format Version 12.00
# Visual Studio Version 17
VisualStudioVersion = 17.5.002.0
MinimumVisualStudioVersion = 10.0.40219.1
Project("{9A19103F-16F7-4668-BE54-9A1E7A4F7556}") = "TodoAPI", "TodoAPI.csproj", "{288A67F1-9963-4B9C-9B0B-CC4CABC19F10}"
EndProject
Global
	GlobalSection(SolutionConfigurationPlatforms) = preSolution
		Debug|Any CPU = Debug|Any CPU
		Release|Any CPU = Release|Any CPU
	EndGlobalSection
	GlobalSection(ProjectConfigurationPlatforms) = postSolution
		{288A67F1-9963-4B9C-9B0B-CC4CABC19F10}.Debug|Any CPU.ActiveCfg = Debug|Any CPU
		{288A67F1-9963-4B9C-9B0B-CC4CABC19F10}.Debug|Any CPU.Build.0 = Debug|Any CPU
		{288A67F1-9963-4B9C-9B0B-CC4CABC19F10}.Release|Any CPU.ActiveCfg = Release|Any CPU
		{288A67F1-9963-4B9C-9B0B-CC4CABC19F10}.Release|Any CPU.Build.0 = Release|Any CPU
	EndGlobalSection
	GlobalSection(SolutionProperties) = preSolution
		HideSolutionNode = FALSE
	EndGlobalSection
	GlobalSection(ExtensibilityGlobals) = postSolution
		SolutionGuid = {9714D16A-7A2D-4DD6-9669-5E11D06EC8F5}
	EndGlobalSection
EndGlobal
